
Microsoft Visual Studio Solution File, Format Version 12.00
# Visual Studio Version 16
VisualStudioVersion = 16.0.31613.86
MinimumVisualStudioVersion = 10.0.40219.1
Project("{FAE04EC0-301F-11D3-BF4B-00C04F79EFBC}") = "T3Calidad-N00024035", "T3Calidad-N00024035.csproj", "{D242A730-EE02-41A9-85B7-FD626CDAC7B1}"
EndProject
Project("{9A19103F-16F7-4668-BE54-9A1E7A4F7556}") = "T3Calidad-N00024035.Test", "..\T3Calidad-N00024035.Test\T3Calidad-N00024035.Test.csproj", "{E37D80F3-B088-481E-AFDB-E2C8D635BE90}"
EndProject
Global
	GlobalSection(SolutionConfigurationPlatforms) = preSolution
		Debug|Any CPU = Debug|Any CPU
		Release|Any CPU = Release|Any CPU
	EndGlobalSection
	GlobalSection(ProjectConfigurationPlatforms) = postSolution
		{D242A730-EE02-41A9-85B7-FD626CDAC7B1}.Debug|Any CPU.ActiveCfg = Debug|Any CPU
		{D242A730-EE02-41A9-85B7-FD626CDAC7B1}.Debug|Any CPU.Build.0 = Debug|Any CPU
		{D242A730-EE02-41A9-85B7-FD626CDAC7B1}.Release|Any CPU.ActiveCfg = Release|Any CPU
		{D242A730-EE02-41A9-85B7-FD626CDAC7B1}.Release|Any CPU.Build.0 = Release|Any CPU
		{E37D80F3-B088-481E-AFDB-E2C8D635BE90}.Debug|Any CPU.ActiveCfg = Debug|Any CPU
		{E37D80F3-B088-481E-AFDB-E2C8D635BE90}.Debug|Any CPU.Build.0 = Debug|Any CPU
		{E37D80F3-B088-481E-AFDB-E2C8D635BE90}.Release|Any CPU.ActiveCfg = Release|Any CPU
		{E37D80F3-B088-481E-AFDB-E2C8D635BE90}.Release|Any CPU.Build.0 = Release|Any CPU
	EndGlobalSection
	GlobalSection(SolutionProperties) = preSolution
		HideSolutionNode = FALSE
	EndGlobalSection
	GlobalSection(ExtensibilityGlobals) = postSolution
		SolutionGuid = {7991539F-DE21-4BF4-833A-E8ED2A0576D0}
	EndGlobalSection
EndGlobal
